PODS:
  - Alamofire (4.9.1)
  - AlamofireImage (3.6.0):
    - Alamofire (~> 4.9)
  - AnyErrorKit (0.1.4)
  - JSONParsing (0.2.1):
    - AnyErrorKit (~> 0.1.1)
    - SwiftyJSON (~> 4.0)
  - SwiftyJSON (4.3.0)

DEPENDENCIES:
  - AlamofireImage (~> 3.2)
  - JSONParsing (~> 0.2)

SPEC REPOS:
  trunk:
    - Alamofire
    - AlamofireImage
    - AnyErrorKit
    - JSONParsing
    - SwiftyJSON

SPEC CHECKSUMS:
  Alamofire: 85e8a02c69d6020a0d734f6054870d7ecb75cf18
  AlamofireImage: be9963c6582d68b39e89191f64c82a7d7bf40fdd
  AnyErrorKit: 6083091402347e82158c4e6e565680bdd4d1928c
  JSONParsing: 042f0e156c69002af7092084f3b9822867270b3d
  SwiftyJSON: 6faa0040f8b59dead0ee07436cbf76b73c08fd08

PODFILE CHECKSUM: eabe54e10a6b89114bc7fde58d6ab6db7e6c9c3a

COCOAPODS: 1.8.4
