// !$*UTF8*$!
{
	archiveVersion = 1;
	classes = {
	};
	objectVersion = 51;
	objects = {

/* Begin PBXBuildFile section */
		1DE369E8B598C888F20BE708 /* Pods_NY_TIMES.framework in Frameworks */ = {isa = PBXBuildFile; fileRef = EF6C08B094999CC130C7DF37 /* Pods_NY_TIMES.framework */; };
		3A71C02E24D2B5970016B285 /* Constants.swift in Sources */ = {isa = PBXBuildFile; fileRef = 3A71C02D24D2B5970016B285 /* Constants.swift */; };
		3A71C03824D2B6740016B285 /* BaseWireframe.swift in Sources */ = {isa = PBXBuildFile; fileRef = 3A71C03224D2B6740016B285 /* BaseWireframe.swift */; };
		3A71C03924D2B6740016B285 /* FormatterInterface.swift in Sources */ = {isa = PBXBuildFile; fileRef = 3A71C03324D2B6740016B285 /* FormatterInterface.swift */; };
		3A71C03A24D2B6740016B285 /* UIStoryboardExtension.swift in Sources */ = {isa = PBXBuildFile; fileRef = 3A71C03424D2B6740016B285 /* UIStoryboardExtension.swift */; };
		3A71C03B24D2B6740016B285 /* PresenterInterface.swift in Sources */ = {isa = PBXBuildFile; fileRef = 3A71C03524D2B6740016B285 /* PresenterInterface.swift */; };
		3A71C03C24D2B6740016B285 /* ViewInterface.swift in Sources */ = {isa = PBXBuildFile; fileRef = 3A71C03624D2B6740016B285 /* ViewInterface.swift */; };
		3A71C03D24D2B6740016B285 /* InteractorInterface.swift in Sources */ = {isa = PBXBuildFile; fileRef = 3A71C03724D2B6740016B285 /* InteractorInterface.swift */; };
		3A71C04424D2B74B0016B285 /* MainInterfaces.swift in Sources */ = {isa = PBXBuildFile; fileRef = 3A71C03E24D2B74B0016B285 /* MainInterfaces.swift */; };
		3A71C04524D2B74B0016B285 /* MainPresenter.swift in Sources */ = {isa = PBXBuildFile; fileRef = 3A71C03F24D2B74B0016B285 /* MainPresenter.swift */; };
		3A71C04624D2B74B0016B285 /* MainViewController.swift in Sources */ = {isa = PBXBuildFile; fileRef = 3A71C04024D2B74B0016B285 /* MainViewController.swift */; };
		3A71C04724D2B74B0016B285 /* MainInteractor.swift in Sources */ = {isa = PBXBuildFile; fileRef = 3A71C04124D2B74B0016B285 /* MainInteractor.swift */; };
		3A71C04824D2B74B0016B285 /* MainViewController.xib in Resources */ = {isa = PBXBuildFile; fileRef = 3A71C04224D2B74B0016B285 /* MainViewController.xib */; };
		3A71C04924D2B74B0016B285 /* MainWireframe.swift in Sources */ = {isa = PBXBuildFile; fileRef = 3A71C04324D2B74B0016B285 /* MainWireframe.swift */; };
		3A71C04E24D2BF360016B285 /* BaseViewController.swift in Sources */ = {isa = PBXBuildFile; fileRef = 3A71C04B24D2BF360016B285 /* BaseViewController.swift */; };
		3A71C04F24D2BF360016B285 /* BaseNavigationController.swift in Sources */ = {isa = PBXBuildFile; fileRef = 3A71C04C24D2BF360016B285 /* BaseNavigationController.swift */; };
		3A71C05024D2BF360016B285 /* BaseTabBarController.swift in Sources */ = {isa = PBXBuildFile; fileRef = 3A71C04D24D2BF360016B285 /* BaseTabBarController.swift */; };
		3A71C05924D2CC590016B285 /* EmailedInterfaces.swift in Sources */ = {isa = PBXBuildFile; fileRef = 3A71C05324D2CC590016B285 /* EmailedInterfaces.swift */; };
		3A71C05A24D2CC590016B285 /* EmailedPresenter.swift in Sources */ = {isa = PBXBuildFile; fileRef = 3A71C05424D2CC590016B285 /* EmailedPresenter.swift */; };
		3A71C05B24D2CC590016B285 /* EmailedViewController.swift in Sources */ = {isa = PBXBuildFile; fileRef = 3A71C05524D2CC590016B285 /* EmailedViewController.swift */; };
		3A71C05C24D2CC590016B285 /* EmailedInteractor.swift in Sources */ = {isa = PBXBuildFile; fileRef = 3A71C05624D2CC590016B285 /* EmailedInteractor.swift */; };
		3A71C05D24D2CC590016B285 /* EmailedViewController.xib in Resources */ = {isa = PBXBuildFile; fileRef = 3A71C05724D2CC590016B285 /* EmailedViewController.xib */; };
		3A71C05E24D2CC590016B285 /* EmailedWireframe.swift in Sources */ = {isa = PBXBuildFile; fileRef = 3A71C05824D2CC590016B285 /* EmailedWireframe.swift */; };
		3A71C06724D2CCA00016B285 /* SharedInterfaces.swift in Sources */ = {isa = PBXBuildFile; fileRef = 3A71C06124D2CCA00016B285 /* SharedInterfaces.swift */; };
		3A71C06824D2CCA00016B285 /* SharedPresenter.swift in Sources */ = {isa = PBXBuildFile; fileRef = 3A71C06224D2CCA00016B285 /* SharedPresenter.swift */; };
		3A71C06924D2CCA10016B285 /* SharedViewController.swift in Sources */ = {isa = PBXBuildFile; fileRef = 3A71C06324D2CCA00016B285 /* SharedViewController.swift */; };
		3A71C06A24D2CCA10016B285 /* SharedInteractor.swift in Sources */ = {isa = PBXBuildFile; fileRef = 3A71C06424D2CCA00016B285 /* SharedInteractor.swift */; };
		3A71C06B24D2CCA10016B285 /* SharedViewController.xib in Resources */ = {isa = PBXBuildFile; fileRef = 3A71C06524D2CCA00016B285 /* SharedViewController.xib */; };
		3A71C06C24D2CCA10016B285 /* SharedWireframe.swift in Sources */ = {isa = PBXBuildFile; fileRef = 3A71C06624D2CCA00016B285 /* SharedWireframe.swift */; };
		3A71C07424D2CCDF0016B285 /* ViewedInterfaces.swift in Sources */ = {isa = PBXBuildFile; fileRef = 3A71C06E24D2CCDF0016B285 /* ViewedInterfaces.swift */; };
		3A71C07524D2CCDF0016B285 /* ViewedPresenter.swift in Sources */ = {isa = PBXBuildFile; fileRef = 3A71C06F24D2CCDF0016B285 /* ViewedPresenter.swift */; };
		3A71C07624D2CCDF0016B285 /* ViewedViewController.swift in Sources */ = {isa = PBXBuildFile; fileRef = 3A71C07024D2CCDF0016B285 /* ViewedViewController.swift */; };
		3A71C07724D2CCDF0016B285 /* ViewedInteractor.swift in Sources */ = {isa = PBXBuildFile; fileRef = 3A71C07124D2CCDF0016B285 /* ViewedInteractor.swift */; };
		3A71C07824D2CCDF0016B285 /* ViewedViewController.xib in Resources */ = {isa = PBXBuildFile; fileRef = 3A71C07224D2CCDF0016B285 /* ViewedViewController.xib */; };
		3A71C07924D2CCDF0016B285 /* ViewedWireframe.swift in Sources */ = {isa = PBXBuildFile; fileRef = 3A71C07324D2CCDF0016B285 /* ViewedWireframe.swift */; };
		3A71C07C24D2D6180016B285 /* UIViewController+loadFromNib.swift in Sources */ = {isa = PBXBuildFile; fileRef = 3A71C07A24D2D6180016B285 /* UIViewController+loadFromNib.swift */; };
		3A71C07D24D2D6180016B285 /* TableView+Extension.swift in Sources */ = {isa = PBXBuildFile; fileRef = 3A71C07B24D2D6180016B285 /* TableView+Extension.swift */; };
		3A71C08524D2E2550016B285 /* DetailInterfaces.swift in Sources */ = {isa = PBXBuildFile; fileRef = 3A71C07F24D2E2550016B285 /* DetailInterfaces.swift */; };
		3A71C08624D2E2550016B285 /* DetailPresenter.swift in Sources */ = {isa = PBXBuildFile; fileRef = 3A71C08024D2E2550016B285 /* DetailPresenter.swift */; };
		3A71C08724D2E2550016B285 /* DetailViewController.swift in Sources */ = {isa = PBXBuildFile; fileRef = 3A71C08124D2E2550016B285 /* DetailViewController.swift */; };
		3A71C08824D2E2550016B285 /* DetailInteractor.swift in Sources */ = {isa = PBXBuildFile; fileRef = 3A71C08224D2E2550016B285 /* DetailInteractor.swift */; };
		3A71C08924D2E2550016B285 /* DetailViewController.xib in Resources */ = {isa = PBXBuildFile; fileRef = 3A71C08324D2E2550016B285 /* DetailViewController.xib */; };
		3A71C08A24D2E2550016B285 /* DetailWireframe.swift in Sources */ = {isa = PBXBuildFile; fileRef = 3A71C08424D2E2550016B285 /* DetailWireframe.swift */; };
		3A71C08D24D2E7A30016B285 /* Enums.swift in Sources */ = {isa = PBXBuildFile; fileRef = 3A71C08C24D2E7A30016B285 /* Enums.swift */; };
		3A71C08F24D2E7E80016B285 /* News.swift in Sources */ = {isa = PBXBuildFile; fileRef = 3A71C08E24D2E7E80016B285 /* News.swift */; };
		3A71C09724D2F76A0016B285 /* FavoritesInterfaces.swift in Sources */ = {isa = PBXBuildFile; fileRef = 3A71C09124D2F76A0016B285 /* FavoritesInterfaces.swift */; };
		3A71C09824D2F76A0016B285 /* FavoritesPresenter.swift in Sources */ = {isa = PBXBuildFile; fileRef = 3A71C09224D2F76A0016B285 /* FavoritesPresenter.swift */; };
		3A71C09924D2F76A0016B285 /* FavoritesViewController.swift in Sources */ = {isa = PBXBuildFile; fileRef = 3A71C09324D2F76A0016B285 /* FavoritesViewController.swift */; };
		3A71C09A24D2F76A0016B285 /* FavoritesInteractor.swift in Sources */ = {isa = PBXBuildFile; fileRef = 3A71C09424D2F76A0016B285 /* FavoritesInteractor.swift */; };
		3A71C09B24D2F76A0016B285 /* FavoritesViewController.xib in Resources */ = {isa = PBXBuildFile; fileRef = 3A71C09524D2F76A0016B285 /* FavoritesViewController.xib */; };
		3A71C09C24D2F76A0016B285 /* FavoritesWireframe.swift in Sources */ = {isa = PBXBuildFile; fileRef = 3A71C09624D2F76A0016B285 /* FavoritesWireframe.swift */; };
		3A71C0A124D302D30016B285 /* NewsCell.swift in Sources */ = {isa = PBXBuildFile; fileRef = 3A71C09F24D302D30016B285 /* NewsCell.swift */; };
		3A71C0A224D302D30016B285 /* NewsCell.xib in Resources */ = {isa = PBXBuildFile; fileRef = 3A71C0A024D302D30016B285 /* NewsCell.xib */; };
		3A71C0A724D30A930016B285 /* NewsDetailCell.swift in Sources */ = {isa = PBXBuildFile; fileRef = 3A71C0A524D30A930016B285 /* NewsDetailCell.swift */; };
		3A71C0A824D30A930016B285 /* NewsDetailCell.xib in Resources */ = {isa = PBXBuildFile; fileRef = 3A71C0A624D30A930016B285 /* NewsDetailCell.xib */; };
		3A71C0AB24D341F90016B285 /* Network.swift in Sources */ = {isa = PBXBuildFile; fileRef = 3A71C0AA24D341F90016B285 /* Network.swift */; };
		3AE6BA5F24D2A2E4000E3598 /* AppDelegate.swift in Sources */ = {isa = PBXBuildFile; fileRef = 3AE6BA5E24D2A2E4000E3598 /* AppDelegate.swift */; };
		3AE6BA6124D2A2E4000E3598 /* SceneDelegate.swift in Sources */ = {isa = PBXBuildFile; fileRef = 3AE6BA6024D2A2E4000E3598 /* SceneDelegate.swift */; };
		3AE6BA6924D2A2E4000E3598 /* NY_TIMES.xcdatamodeld in Sources */ = {isa = PBXBuildFile; fileRef = 3AE6BA6724D2A2E4000E3598 /* NY_TIMES.xcdatamodeld */; };
		3AE6BA6B24D2A2E7000E3598 /* Assets.xcassets in Resources */ = {isa = PBXBuildFile; fileRef = 3AE6BA6A24D2A2E7000E3598 /* Assets.xcassets */; };
		3AE6BA6E24D2A2E7000E3598 /* LaunchScreen.storyboard in Resources */ = {isa = PBXBuildFile; fileRef = 3AE6BA6C24D2A2E7000E3598 /* LaunchScreen.storyboard */; };
/* End PBXBuildFile section */

/* Begin PBXFileReference section */
		06690E202FE024A8AEED9A3C /* Pods-NY_TIMES.release.xcconfig */ = {isa = PBXFileReference; includeInIndex = 1; lastKnownFileType = text.xcconfig; name = "Pods-NY_TIMES.release.xcconfig"; path = "Target Support Files/Pods-NY_TIMES/Pods-NY_TIMES.release.xcconfig"; sourceTree = "<group>"; };
		3A71C02D24D2B5970016B285 /* Constants.swift */ = {isa = PBXFileReference; lastKnownFileType = sourcecode.swift; path = Constants.swift; sourceTree = "<group>"; };
		3A71C03224D2B6740016B285 /* BaseWireframe.swift */ = {isa = PBXFileReference; fileEncoding = 4; lastKnownFileType = sourcecode.swift; path = BaseWireframe.swift; sourceTree = "<group>"; };
		3A71C03324D2B6740016B285 /* FormatterInterface.swift */ = {isa = PBXFileReference; fileEncoding = 4; lastKnownFileType = sourcecode.swift; path = FormatterInterface.swift; sourceTree = "<group>"; };
		3A71C03424D2B6740016B285 /* UIStoryboardExtension.swift */ = {isa = PBXFileReference; fileEncoding = 4; lastKnownFileType = sourcecode.swift; path = UIStoryboardExtension.swift; sourceTree = "<group>"; };
		3A71C03524D2B6740016B285 /* PresenterInterface.swift */ = {isa = PBXFileReference; fileEncoding = 4; lastKnownFileType = sourcecode.swift; path = PresenterInterface.swift; sourceTree = "<group>"; };
		3A71C03624D2B6740016B285 /* ViewInterface.swift */ = {isa = PBXFileReference; fileEncoding = 4; lastKnownFileType = sourcecode.swift; path = ViewInterface.swift; sourceTree = "<group>"; };
		3A71C03724D2B6740016B285 /* InteractorInterface.swift */ = {isa = PBXFileReference; fileEncoding = 4; lastKnownFileType = sourcecode.swift; path = InteractorInterface.swift; sourceTree = "<group>"; };
		3A71C03E24D2B74B0016B285 /* MainInterfaces.swift */ = {isa = PBXFileReference; lastKnownFileType = sourcecode.swift; path = MainInterfaces.swift; sourceTree = "<group>"; };
		3A71C03F24D2B74B0016B285 /* MainPresenter.swift */ = {isa = PBXFileReference; lastKnownFileType = sourcecode.swift; path = MainPresenter.swift; sourceTree = "<group>"; };
		3A71C04024D2B74B0016B285 /* MainViewController.swift */ = {isa = PBXFileReference; lastKnownFileType = sourcecode.swift; path = MainViewController.swift; sourceTree = "<group>"; };
		3A71C04124D2B74B0016B285 /* MainInteractor.swift */ = {isa = PBXFileReference; lastKnownFileType = sourcecode.swift; path = MainInteractor.swift; sourceTree = "<group>"; };
		3A71C04224D2B74B0016B285 /* MainViewController.xib */ = {isa = PBXFileReference; lastKnownFileType = file.xib; path = MainViewController.xib; sourceTree = "<group>"; };
		3A71C04324D2B74B0016B285 /* MainWireframe.swift */ = {isa = PBXFileReference; lastKnownFileType = sourcecode.swift; path = MainWireframe.swift; sourceTree = "<group>"; };
		3A71C04B24D2BF360016B285 /* BaseViewController.swift */ = {isa = PBXFileReference; fileEncoding = 4; lastKnownFileType = sourcecode.swift; path = BaseViewController.swift; sourceTree = "<group>"; };
		3A71C04C24D2BF360016B285 /* BaseNavigationController.swift */ = {isa = PBXFileReference; fileEncoding = 4; lastKnownFileType = sourcecode.swift; path = BaseNavigationController.swift; sourceTree = "<group>"; };
		3A71C04D24D2BF360016B285 /* BaseTabBarController.swift */ = {isa = PBXFileReference; fileEncoding = 4; lastKnownFileType = sourcecode.swift; path = BaseTabBarController.swift; sourceTree = "<group>"; };
		3A71C05324D2CC590016B285 /* EmailedInterfaces.swift */ = {isa = PBXFileReference; lastKnownFileType = sourcecode.swift; path = EmailedInterfaces.swift; sourceTree = "<group>"; };
		3A71C05424D2CC590016B285 /* EmailedPresenter.swift */ = {isa = PBXFileReference; lastKnownFileType = sourcecode.swift; path = EmailedPresenter.swift; sourceTree = "<group>"; };
		3A71C05524D2CC590016B285 /* EmailedViewController.swift */ = {isa = PBXFileReference; lastKnownFileType = sourcecode.swift; path = EmailedViewController.swift; sourceTree = "<group>"; };
		3A71C05624D2CC590016B285 /* EmailedInteractor.swift */ = {isa = PBXFileReference; lastKnownFileType = sourcecode.swift; path = EmailedInteractor.swift; sourceTree = "<group>"; };
		3A71C05724D2CC590016B285 /* EmailedViewController.xib */ = {isa = PBXFileReference; lastKnownFileType = file.xib; path = EmailedViewController.xib; sourceTree = "<group>"; };
		3A71C05824D2CC590016B285 /* EmailedWireframe.swift */ = {isa = PBXFileReference; lastKnownFileType = sourcecode.swift; path = EmailedWireframe.swift; sourceTree = "<group>"; };
		3A71C06124D2CCA00016B285 /* SharedInterfaces.swift */ = {isa = PBXFileReference; lastKnownFileType = sourcecode.swift; path = SharedInterfaces.swift; sourceTree = "<group>"; };
		3A71C06224D2CCA00016B285 /* SharedPresenter.swift */ = {isa = PBXFileReference; lastKnownFileType = sourcecode.swift; path = SharedPresenter.swift; sourceTree = "<group>"; };
		3A71C06324D2CCA00016B285 /* SharedViewController.swift */ = {isa = PBXFileReference; lastKnownFileType = sourcecode.swift; path = SharedViewController.swift; sourceTree = "<group>"; };
		3A71C06424D2CCA00016B285 /* SharedInteractor.swift */ = {isa = PBXFileReference; lastKnownFileType = sourcecode.swift; path = SharedInteractor.swift; sourceTree = "<group>"; };
		3A71C06524D2CCA00016B285 /* SharedViewController.xib */ = {isa = PBXFileReference; lastKnownFileType = file.xib; path = SharedViewController.xib; sourceTree = "<group>"; };
		3A71C06624D2CCA00016B285 /* SharedWireframe.swift */ = {isa = PBXFileReference; lastKnownFileType = sourcecode.swift; path = SharedWireframe.swift; sourceTree = "<group>"; };
		3A71C06E24D2CCDF0016B285 /* ViewedInterfaces.swift */ = {isa = PBXFileReference; lastKnownFileType = sourcecode.swift; path = ViewedInterfaces.swift; sourceTree = "<group>"; };
		3A71C06F24D2CCDF0016B285 /* ViewedPresenter.swift */ = {isa = PBXFileReference; lastKnownFileType = sourcecode.swift; path = ViewedPresenter.swift; sourceTree = "<group>"; };
		3A71C07024D2CCDF0016B285 /* ViewedViewController.swift */ = {isa = PBXFileReference; lastKnownFileType = sourcecode.swift; path = ViewedViewController.swift; sourceTree = "<group>"; };
		3A71C07124D2CCDF0016B285 /* ViewedInteractor.swift */ = {isa = PBXFileReference; lastKnownFileType = sourcecode.swift; path = ViewedInteractor.swift; sourceTree = "<group>"; };
		3A71C07224D2CCDF0016B285 /* ViewedViewController.xib */ = {isa = PBXFileReference; lastKnownFileType = file.xib; path = ViewedViewController.xib; sourceTree = "<group>"; };
		3A71C07324D2CCDF0016B285 /* ViewedWireframe.swift */ = {isa = PBXFileReference; lastKnownFileType = sourcecode.swift; path = ViewedWireframe.swift; sourceTree = "<group>"; };
		3A71C07A24D2D6180016B285 /* UIViewController+loadFromNib.swift */ = {isa = PBXFileReference; fileEncoding = 4; lastKnownFileType = sourcecode.swift; path = "UIViewController+loadFromNib.swift"; sourceTree = "<group>"; };
		3A71C07B24D2D6180016B285 /* TableView+Extension.swift */ = {isa = PBXFileReference; fileEncoding = 4; lastKnownFileType = sourcecode.swift; path = "TableView+Extension.swift"; sourceTree = "<group>"; };
		3A71C07F24D2E2550016B285 /* DetailInterfaces.swift */ = {isa = PBXFileReference; lastKnownFileType = sourcecode.swift; path = DetailInterfaces.swift; sourceTree = "<group>"; };
		3A71C08024D2E2550016B285 /* DetailPresenter.swift */ = {isa = PBXFileReference; lastKnownFileType = sourcecode.swift; path = DetailPresenter.swift; sourceTree = "<group>"; };
		3A71C08124D2E2550016B285 /* DetailViewController.swift */ = {isa = PBXFileReference; lastKnownFileType = sourcecode.swift; path = DetailViewController.swift; sourceTree = "<group>"; };
		3A71C08224D2E2550016B285 /* DetailInteractor.swift */ = {isa = PBXFileReference; lastKnownFileType = sourcecode.swift; path = DetailInteractor.swift; sourceTree = "<group>"; };
		3A71C08324D2E2550016B285 /* DetailViewController.xib */ = {isa = PBXFileReference; lastKnownFileType = file.xib; path = DetailViewController.xib; sourceTree = "<group>"; };
		3A71C08424D2E2550016B285 /* DetailWireframe.swift */ = {isa = PBXFileReference; lastKnownFileType = sourcecode.swift; path = DetailWireframe.swift; sourceTree = "<group>"; };
		3A71C08C24D2E7A30016B285 /* Enums.swift */ = {isa = PBXFileReference; lastKnownFileType = sourcecode.swift; path = Enums.swift; sourceTree = "<group>"; };
		3A71C08E24D2E7E80016B285 /* News.swift */ = {isa = PBXFileReference; lastKnownFileType = sourcecode.swift; path = News.swift; sourceTree = "<group>"; };
		3A71C09124D2F76A0016B285 /* FavoritesInterfaces.swift */ = {isa = PBXFileReference; lastKnownFileType = sourcecode.swift; path = FavoritesInterfaces.swift; sourceTree = "<group>"; };
		3A71C09224D2F76A0016B285 /* FavoritesPresenter.swift */ = {isa = PBXFileReference; lastKnownFileType = sourcecode.swift; path = FavoritesPresenter.swift; sourceTree = "<group>"; };
		3A71C09324D2F76A0016B285 /* FavoritesViewController.swift */ = {isa = PBXFileReference; lastKnownFileType = sourcecode.swift; path = FavoritesViewController.swift; sourceTree = "<group>"; };
		3A71C09424D2F76A0016B285 /* FavoritesInteractor.swift */ = {isa = PBXFileReference; lastKnownFileType = sourcecode.swift; path = FavoritesInteractor.swift; sourceTree = "<group>"; };
		3A71C09524D2F76A0016B285 /* FavoritesViewController.xib */ = {isa = PBXFileReference; lastKnownFileType = file.xib; path = FavoritesViewController.xib; sourceTree = "<group>"; };
		3A71C09624D2F76A0016B285 /* FavoritesWireframe.swift */ = {isa = PBXFileReference; lastKnownFileType = sourcecode.swift; path = FavoritesWireframe.swift; sourceTree = "<group>"; };
		3A71C09F24D302D30016B285 /* NewsCell.swift */ = {isa = PBXFileReference; fileEncoding = 4; lastKnownFileType = sourcecode.swift; path = NewsCell.swift; sourceTree = "<group>"; };
		3A71C0A024D302D30016B285 /* NewsCell.xib */ = {isa = PBXFileReference; fileEncoding = 4; lastKnownFileType = file.xib; path = NewsCell.xib; sourceTree = "<group>"; };
		3A71C0A524D30A930016B285 /* NewsDetailCell.swift */ = {isa = PBXFileReference; lastKnownFileType = sourcecode.swift; path = NewsDetailCell.swift; sourceTree = "<group>"; };
		3A71C0A624D30A930016B285 /* NewsDetailCell.xib */ = {isa = PBXFileReference; lastKnownFileType = file.xib; path = NewsDetailCell.xib; sourceTree = "<group>"; };
		3A71C0AA24D341F90016B285 /* Network.swift */ = {isa = PBXFileReference; fileEncoding = 4; lastKnownFileType = sourcecode.swift; path = Network.swift; sourceTree = "<group>"; };
		3AE6BA5B24D2A2E4000E3598 /* NY_TIMES.app */ = {isa = PBXFileReference; explicitFileType = wrapper.application; includeInIndex = 0; path = NY_TIMES.app; sourceTree = BUILT_PRODUCTS_DIR; };
		3AE6BA5E24D2A2E4000E3598 /* AppDelegate.swift */ = {isa = PBXFileReference; lastKnownFileType = sourcecode.swift; path = AppDelegate.swift; sourceTree = "<group>"; };
		3AE6BA6024D2A2E4000E3598 /* SceneDelegate.swift */ = {isa = PBXFileReference; lastKnownFileType = sourcecode.swift; path = SceneDelegate.swift; sourceTree = "<group>"; };
		3AE6BA6824D2A2E4000E3598 /* NY_TIMES.xcdatamodel */ = {isa = PBXFileReference; lastKnownFileType = wrapper.xcdatamodel; path = NY_TIMES.xcdatamodel; sourceTree = "<group>"; };
		3AE6BA6A24D2A2E7000E3598 /* Assets.xcassets */ = {isa = PBXFileReference; lastKnownFileType = folder.assetcatalog; path = Assets.xcassets; sourceTree = "<group>"; };
		3AE6BA6D24D2A2E7000E3598 /* Base */ = {isa = PBXFileReference; lastKnownFileType = file.storyboard; name = Base; path = Base.lproj/LaunchScreen.storyboard; sourceTree = "<group>"; };
		3AE6BA6F24D2A2E7000E3598 /* Info.plist */ = {isa = PBXFileReference; lastKnownFileType = text.plist.xml; path = Info.plist; sourceTree = "<group>"; };
		EF6C08B094999CC130C7DF37 /* Pods_NY_TIMES.framework */ = {isa = PBXFileReference; explicitFileType = wrapper.framework; includeInIndex = 0; path = Pods_NY_TIMES.framework; sourceTree = BUILT_PRODUCTS_DIR; };
		F226CA9AA965A800A1F2026D /* Pods-NY_TIMES.debug.xcconfig */ = {isa = PBXFileReference; includeInIndex = 1; lastKnownFileType = text.xcconfig; name = "Pods-NY_TIMES.debug.xcconfig"; path = "Target Support Files/Pods-NY_TIMES/Pods-NY_TIMES.debug.xcconfig"; sourceTree = "<group>"; };
/* End PBXFileReference section */

/* Begin PBXFrameworksBuildPhase section */
		3AE6BA5824D2A2E4000E3598 /* Frameworks */ = {
			isa = PBXFrameworksBuildPhase;
			buildActionMask = 2147483647;
			files = (
				1DE369E8B598C888F20BE708 /* Pods_NY_TIMES.framework in Frameworks */,
			);
			runOnlyForDeploymentPostprocessing = 0;
		};
/* End PBXFrameworksBuildPhase section */

/* Begin PBXGroup section */
		36A6662D528EC4E035F18CE7 /* Pods */ = {
			isa = PBXGroup;
			children = (
				F226CA9AA965A800A1F2026D /* Pods-NY_TIMES.debug.xcconfig */,
				06690E202FE024A8AEED9A3C /* Pods-NY_TIMES.release.xcconfig */,
			);
			path = Pods;
			sourceTree = "<group>";
		};
		3A71C02424D2B3A00016B285 /* Configuration */ = {
			isa = PBXGroup;
			children = (
				3AE6BA6F24D2A2E7000E3598 /* Info.plist */,
			);
			path = Configuration;
			sourceTree = "<group>";
		};
		3A71C02624D2B4360016B285 /* Storyboards */ = {
			isa = PBXGroup;
			children = (
				3AE6BA6C24D2A2E7000E3598 /* LaunchScreen.storyboard */,
			);
			path = Storyboards;
			sourceTree = "<group>";
		};
		3A71C02724D2B4640016B285 /* Resources */ = {
			isa = PBXGroup;
			children = (
				3AE6BA6A24D2A2E7000E3598 /* Assets.xcassets */,
			);
			path = Resources;
			sourceTree = "<group>";
		};
		3A71C02824D2B47D0016B285 /* Models */ = {
			isa = PBXGroup;
			children = (
				3A71C08E24D2E7E80016B285 /* News.swift */,
			);
			path = Models;
			sourceTree = "<group>";
		};
		3A71C02924D2B49D0016B285 /* Extensions */ = {
			isa = PBXGroup;
			children = (
				3A71C07B24D2D6180016B285 /* TableView+Extension.swift */,
				3A71C07A24D2D6180016B285 /* UIViewController+loadFromNib.swift */,
			);
			path = Extensions;
			sourceTree = "<group>";
		};
		3A71C02A24D2B4AD0016B285 /* Application */ = {
			isa = PBXGroup;
			children = (
				3AE6BA5E24D2A2E4000E3598 /* AppDelegate.swift */,
				3AE6BA6024D2A2E4000E3598 /* SceneDelegate.swift */,
				3A71C02D24D2B5970016B285 /* Constants.swift */,
			);
			path = Application;
			sourceTree = "<group>";
		};
		3A71C02F24D2B5BA0016B285 /* Common */ = {
			isa = PBXGroup;
			children = (
				3A71C0A924D341CC0016B285 /* Services */,
				3A71C09D24D302860016B285 /* Views */,
				3A71C08B24D2E78C0016B285 /* Enums */,
				3A71C04A24D2BF100016B285 /* Base */,
				3A71C02924D2B49D0016B285 /* Extensions */,
				3A71C02824D2B47D0016B285 /* Models */,
				3A71C03124D2B6740016B285 /* VIPER */,
			);
			path = Common;
			sourceTree = "<group>";
		};
		3A71C03024D2B6240016B285 /* Modules */ = {
			isa = PBXGroup;
			children = (
				3A71C05224D2C8E80016B285 /* Main */,
				3A71C05F24D2CC620016B285 /* Emailed */,
				3A71C06024D2CC8D0016B285 /* Shared */,
				3A71C06D24D2CCC70016B285 /* Viewed */,
				3A71C09024D2F7490016B285 /* Favorites */,
				3A71C07E24D2E2380016B285 /* Detail */,
			);
			path = Modules;
			sourceTree = "<group>";
		};
		3A71C03124D2B6740016B285 /* VIPER */ = {
			isa = PBXGroup;
			children = (
				3A71C03224D2B6740016B285 /* BaseWireframe.swift */,
				3A71C03324D2B6740016B285 /* FormatterInterface.swift */,
				3A71C03424D2B6740016B285 /* UIStoryboardExtension.swift */,
				3A71C03524D2B6740016B285 /* PresenterInterface.swift */,
				3A71C03624D2B6740016B285 /* ViewInterface.swift */,
				3A71C03724D2B6740016B285 /* InteractorInterface.swift */,
			);
			path = VIPER;
			sourceTree = "<group>";
		};
		3A71C04A24D2BF100016B285 /* Base */ = {
			isa = PBXGroup;
			children = (
				3A71C04C24D2BF360016B285 /* BaseNavigationController.swift */,
				3A71C04D24D2BF360016B285 /* BaseTabBarController.swift */,
				3A71C04B24D2BF360016B285 /* BaseViewController.swift */,
			);
			path = Base;
			sourceTree = "<group>";
		};
		3A71C05224D2C8E80016B285 /* Main */ = {
			isa = PBXGroup;
			children = (
				3A71C03E24D2B74B0016B285 /* MainInterfaces.swift */,
				3A71C03F24D2B74B0016B285 /* MainPresenter.swift */,
				3A71C04024D2B74B0016B285 /* MainViewController.swift */,
				3A71C04124D2B74B0016B285 /* MainInteractor.swift */,
				3A71C04224D2B74B0016B285 /* MainViewController.xib */,
				3A71C04324D2B74B0016B285 /* MainWireframe.swift */,
			);
			path = Main;
			sourceTree = "<group>";
		};
		3A71C05F24D2CC620016B285 /* Emailed */ = {
			isa = PBXGroup;
			children = (
				3A71C05324D2CC590016B285 /* EmailedInterfaces.swift */,
				3A71C05424D2CC590016B285 /* EmailedPresenter.swift */,
				3A71C05524D2CC590016B285 /* EmailedViewController.swift */,
				3A71C05624D2CC590016B285 /* EmailedInteractor.swift */,
				3A71C05724D2CC590016B285 /* EmailedViewController.xib */,
				3A71C05824D2CC590016B285 /* EmailedWireframe.swift */,
			);
			path = Emailed;
			sourceTree = "<group>";
		};
		3A71C06024D2CC8D0016B285 /* Shared */ = {
			isa = PBXGroup;
			children = (
				3A71C06124D2CCA00016B285 /* SharedInterfaces.swift */,
				3A71C06224D2CCA00016B285 /* SharedPresenter.swift */,
				3A71C06324D2CCA00016B285 /* SharedViewController.swift */,
				3A71C06424D2CCA00016B285 /* SharedInteractor.swift */,
				3A71C06524D2CCA00016B285 /* SharedViewController.xib */,
				3A71C06624D2CCA00016B285 /* SharedWireframe.swift */,
			);
			path = Shared;
			sourceTree = "<group>";
		};
		3A71C06D24D2CCC70016B285 /* Viewed */ = {
			isa = PBXGroup;
			children = (
				3A71C06E24D2CCDF0016B285 /* ViewedInterfaces.swift */,
				3A71C06F24D2CCDF0016B285 /* ViewedPresenter.swift */,
				3A71C07024D2CCDF0016B285 /* ViewedViewController.swift */,
				3A71C07124D2CCDF0016B285 /* ViewedInteractor.swift */,
				3A71C07224D2CCDF0016B285 /* ViewedViewController.xib */,
				3A71C07324D2CCDF0016B285 /* ViewedWireframe.swift */,
			);
			path = Viewed;
			sourceTree = "<group>";
		};
		3A71C07E24D2E2380016B285 /* Detail */ = {
			isa = PBXGroup;
			children = (
				3A71C07F24D2E2550016B285 /* DetailInterfaces.swift */,
				3A71C08024D2E2550016B285 /* DetailPresenter.swift */,
				3A71C08124D2E2550016B285 /* DetailViewController.swift */,
				3A71C08224D2E2550016B285 /* DetailInteractor.swift */,
				3A71C08324D2E2550016B285 /* DetailViewController.xib */,
				3A71C08424D2E2550016B285 /* DetailWireframe.swift */,
			);
			path = Detail;
			sourceTree = "<group>";
		};
		3A71C08B24D2E78C0016B285 /* Enums */ = {
			isa = PBXGroup;
			children = (
				3A71C08C24D2E7A30016B285 /* Enums.swift */,
			);
			path = Enums;
			sourceTree = "<group>";
		};
		3A71C09024D2F7490016B285 /* Favorites */ = {
			isa = PBXGroup;
			children = (
				3A71C09124D2F76A0016B285 /* FavoritesInterfaces.swift */,
				3A71C09224D2F76A0016B285 /* FavoritesPresenter.swift */,
				3A71C09324D2F76A0016B285 /* FavoritesViewController.swift */,
				3A71C09424D2F76A0016B285 /* FavoritesInteractor.swift */,
				3A71C09524D2F76A0016B285 /* FavoritesViewController.xib */,
				3A71C09624D2F76A0016B285 /* FavoritesWireframe.swift */,
			);
			path = Favorites;
			sourceTree = "<group>";
		};
		3A71C09D24D302860016B285 /* Views */ = {
			isa = PBXGroup;
			children = (
				3A71C09E24D302940016B285 /* TableViewCells */,
			);
			path = Views;
			sourceTree = "<group>";
		};
		3A71C09E24D302940016B285 /* TableViewCells */ = {
			isa = PBXGroup;
			children = (
				3A71C0A424D309E70016B285 /* NewsDetailCell */,
				3A71C0A324D303E20016B285 /* NewsCell */,
			);
			path = TableViewCells;
			sourceTree = "<group>";
		};
		3A71C0A324D303E20016B285 /* NewsCell */ = {
			isa = PBXGroup;
			children = (
				3A71C09F24D302D30016B285 /* NewsCell.swift */,
				3A71C0A024D302D30016B285 /* NewsCell.xib */,
			);
			path = NewsCell;
			sourceTree = "<group>";
		};
		3A71C0A424D309E70016B285 /* NewsDetailCell */ = {
			isa = PBXGroup;
			children = (
				3A71C0A524D30A930016B285 /* NewsDetailCell.swift */,
				3A71C0A624D30A930016B285 /* NewsDetailCell.xib */,
			);
			path = NewsDetailCell;
			sourceTree = "<group>";
		};
		3A71C0A924D341CC0016B285 /* Services */ = {
			isa = PBXGroup;
			children = (
				3A71C0AA24D341F90016B285 /* Network.swift */,
			);
			path = Services;
			sourceTree = "<group>";
		};
		3AE6BA5224D2A2E4000E3598 = {
			isa = PBXGroup;
			children = (
				3AE6BA5D24D2A2E4000E3598 /* NY_TIMES */,
				3AE6BA5C24D2A2E4000E3598 /* Products */,
				36A6662D528EC4E035F18CE7 /* Pods */,
				7020E25A96385B483DCF91B4 /* Frameworks */,
			);
			sourceTree = "<group>";
		};
		3AE6BA5C24D2A2E4000E3598 /* Products */ = {
			isa = PBXGroup;
			children = (
				3AE6BA5B24D2A2E4000E3598 /* NY_TIMES.app */,
			);
			name = Products;
			sourceTree = "<group>";
		};
		3AE6BA5D24D2A2E4000E3598 /* NY_TIMES */ = {
			isa = PBXGroup;
			children = (
				3A71C02A24D2B4AD0016B285 /* Application */,
				3A71C02F24D2B5BA0016B285 /* Common */,
				3A71C03024D2B6240016B285 /* Modules */,
				3A71C02724D2B4640016B285 /* Resources */,
				3A71C02624D2B4360016B285 /* Storyboards */,
				3A71C02424D2B3A00016B285 /* Configuration */,
				3AE6BA6724D2A2E4000E3598 /* NY_TIMES.xcdatamodeld */,
			);
			path = NY_TIMES;
			sourceTree = "<group>";
		};
		7020E25A96385B483DCF91B4 /* Frameworks */ = {
			isa = PBXGroup;
			children = (
				EF6C08B094999CC130C7DF37 /* Pods_NY_TIMES.framework */,
			);
			name = Frameworks;
			sourceTree = "<group>";
		};
/* End PBXGroup section */

/* Begin PBXNativeTarget section */
		3AE6BA5A24D2A2E4000E3598 /* NY_TIMES */ = {
			isa = PBXNativeTarget;
			buildConfigurationList = 3AE6BA7224D2A2E7000E3598 /* Build configuration list for PBXNativeTarget "NY_TIMES" */;
			buildPhases = (
				E3E37A2FBCD6E1213F240D7E /* [CP] Check Pods Manifest.lock */,
				3AE6BA5724D2A2E4000E3598 /* Sources */,
				3AE6BA5824D2A2E4000E3598 /* Frameworks */,
				3AE6BA5924D2A2E4000E3598 /* Resources */,
				64A2DA34560639F34272A665 /* [CP] Embed Pods Frameworks */,
			);
			buildRules = (
			);
			dependencies = (
			);
			name = NY_TIMES;
			productName = NY_TIMES;
			productReference = 3AE6BA5B24D2A2E4000E3598 /* NY_TIMES.app */;
			productType = "com.apple.product-type.application";
		};
/* End PBXNativeTarget section */

/* Begin PBXProject section */
		3AE6BA5324D2A2E4000E3598 /* Project object */ = {
			isa = PBXProject;
			attributes = {
				LastSwiftUpdateCheck = 1160;
				LastUpgradeCheck = 1160;
				ORGANIZATIONNAME = Shvets;
				TargetAttributes = {
					3AE6BA5A24D2A2E4000E3598 = {
						CreatedOnToolsVersion = 11.6;
					};
				};
			};
			buildConfigurationList = 3AE6BA5624D2A2E4000E3598 /* Build configuration list for PBXProject "NY_TIMES" */;
			compatibilityVersion = "Xcode 9.3";
			developmentRegion = en;
			hasScannedForEncodings = 0;
			knownRegions = (
				en,
				Base,
			);
			mainGroup = 3AE6BA5224D2A2E4000E3598;
			productRefGroup = 3AE6BA5C24D2A2E4000E3598 /* Products */;
			projectDirPath = "";
			projectRoot = "";
			targets = (
				3AE6BA5A24D2A2E4000E3598 /* NY_TIMES */,
			);
		};
/* End PBXProject section */

/* Begin PBXResourcesBuildPhase section */
		3AE6BA5924D2A2E4000E3598 /* Resources */ = {
			isa = PBXResourcesBuildPhase;
			buildActionMask = 2147483647;
			files = (
				3A71C06B24D2CCA10016B285 /* SharedViewController.xib in Resources */,
				3A71C0A824D30A930016B285 /* NewsDetailCell.xib in Resources */,
				3AE6BA6E24D2A2E7000E3598 /* LaunchScreen.storyboard in Resources */,
				3A71C08924D2E2550016B285 /* DetailViewController.xib in Resources */,
				3A71C07824D2CCDF0016B285 /* ViewedViewController.xib in Resources */,
				3A71C04824D2B74B0016B285 /* MainViewController.xib in Resources */,
				3A71C0A224D302D30016B285 /* NewsCell.xib in Resources */,
				3A71C05D24D2CC590016B285 /* EmailedViewController.xib in Resources */,
				3A71C09B24D2F76A0016B285 /* FavoritesViewController.xib in Resources */,
				3AE6BA6B24D2A2E7000E3598 /* Assets.xcassets in Resources */,
			);
			runOnlyForDeploymentPostprocessing = 0;
		};
/* End PBXResourcesBuildPhase section */

/* Begin PBXShellScriptBuildPhase section */
		64A2DA34560639F34272A665 /* [CP] Embed Pods Frameworks */ = {
			isa = PBXShellScriptBuildPhase;
			buildActionMask = 2147483647;
			files = (
			);
			inputFileListPaths = (
				"${PODS_ROOT}/Target Support Files/Pods-NY_TIMES/Pods-NY_TIMES-frameworks-${CONFIGURATION}-input-files.xcfilelist",
			);
			name = "[CP] Embed Pods Frameworks";
			outputFileListPaths = (
				"${PODS_ROOT}/Target Support Files/Pods-NY_TIMES/Pods-NY_TIMES-frameworks-${CONFIGURATION}-output-files.xcfilelist",
			);
			runOnlyForDeploymentPostprocessing = 0;
			shellPath = /bin/sh;
			shellScript = "\"${PODS_ROOT}/Target Support Files/Pods-NY_TIMES/Pods-NY_TIMES-frameworks.sh\"\n";
			showEnvVarsInLog = 0;
		};
		E3E37A2FBCD6E1213F240D7E /* [CP] Check Pods Manifest.lock */ = {
			isa = PBXShellScriptBuildPhase;
			buildActionMask = 2147483647;
			files = (
			);
			inputFileListPaths = (
			);
			inputPaths = (
				"${PODS_PODFILE_DIR_PATH}/Podfile.lock",
				"${PODS_ROOT}/Manifest.lock",
			);
			name = "[CP] Check Pods Manifest.lock";
			outputFileListPaths = (
			);
			outputPaths = (
				"$(DERIVED_FILE_DIR)/Pods-NY_TIMES-checkManifestLockResult.txt",
			);
			runOnlyForDeploymentPostprocessing = 0;
			shellPath = /bin/sh;
			shellScript = "diff \"${PODS_PODFILE_DIR_PATH}/Podfile.lock\" \"${PODS_ROOT}/Manifest.lock\" > /dev/null\nif [ $? != 0 ] ; then\n    # print error to STDERR\n    echo \"error: The sandbox is not in sync with the Podfile.lock. Run 'pod install' or update your CocoaPods installation.\" >&2\n    exit 1\nfi\n# This output is used by Xcode 'outputs' to avoid re-running this script phase.\necho \"SUCCESS\" > \"${SCRIPT_OUTPUT_FILE_0}\"\n";
			showEnvVarsInLog = 0;
		};
/* End PBXShellScriptBuildPhase section */

/* Begin PBXSourcesBuildPhase section */
		3AE6BA5724D2A2E4000E3598 /* Sources */ = {
			isa = PBXSourcesBuildPhase;
			buildActionMask = 2147483647;
			files = (
				3A71C08D24D2E7A30016B285 /* Enums.swift in Sources */,
				3A71C09724D2F76A0016B285 /* FavoritesInterfaces.swift in Sources */,
				3A71C07424D2CCDF0016B285 /* ViewedInterfaces.swift in Sources */,
				3A71C04924D2B74B0016B285 /* MainWireframe.swift in Sources */,
				3A71C03924D2B6740016B285 /* FormatterInterface.swift in Sources */,
				3A71C07924D2CCDF0016B285 /* ViewedWireframe.swift in Sources */,
				3A71C05024D2BF360016B285 /* BaseTabBarController.swift in Sources */,
				3A71C04624D2B74B0016B285 /* MainViewController.swift in Sources */,
				3AE6BA6924D2A2E4000E3598 /* NY_TIMES.xcdatamodeld in Sources */,
				3A71C08624D2E2550016B285 /* DetailPresenter.swift in Sources */,
				3A71C06A24D2CCA10016B285 /* SharedInteractor.swift in Sources */,
				3A71C03824D2B6740016B285 /* BaseWireframe.swift in Sources */,
				3AE6BA5F24D2A2E4000E3598 /* AppDelegate.swift in Sources */,
				3A71C07C24D2D6180016B285 /* UIViewController+loadFromNib.swift in Sources */,
				3A71C09824D2F76A0016B285 /* FavoritesPresenter.swift in Sources */,
				3A71C04724D2B74B0016B285 /* MainInteractor.swift in Sources */,
				3A71C03C24D2B6740016B285 /* ViewInterface.swift in Sources */,
				3A71C03B24D2B6740016B285 /* PresenterInterface.swift in Sources */,
				3A71C09A24D2F76A0016B285 /* FavoritesInteractor.swift in Sources */,
				3A71C03D24D2B6740016B285 /* InteractorInterface.swift in Sources */,
				3A71C05E24D2CC590016B285 /* EmailedWireframe.swift in Sources */,
				3A71C0AB24D341F90016B285 /* Network.swift in Sources */,
				3A71C08F24D2E7E80016B285 /* News.swift in Sources */,
				3A71C08524D2E2550016B285 /* DetailInterfaces.swift in Sources */,
				3A71C06724D2CCA00016B285 /* SharedInterfaces.swift in Sources */,
				3A71C04524D2B74B0016B285 /* MainPresenter.swift in Sources */,
				3A71C07724D2CCDF0016B285 /* ViewedInteractor.swift in Sources */,
				3A71C08A24D2E2550016B285 /* DetailWireframe.swift in Sources */,
				3A71C08824D2E2550016B285 /* DetailInteractor.swift in Sources */,
				3AE6BA6124D2A2E4000E3598 /* SceneDelegate.swift in Sources */,
				3A71C09924D2F76A0016B285 /* FavoritesViewController.swift in Sources */,
				3A71C09C24D2F76A0016B285 /* FavoritesWireframe.swift in Sources */,
				3A71C06924D2CCA10016B285 /* SharedViewController.swift in Sources */,
				3A71C04424D2B74B0016B285 /* MainInterfaces.swift in Sources */,
				3A71C0A724D30A930016B285 /* NewsDetailCell.swift in Sources */,
				3A71C05C24D2CC590016B285 /* EmailedInteractor.swift in Sources */,
				3A71C07524D2CCDF0016B285 /* ViewedPresenter.swift in Sources */,
				3A71C05B24D2CC590016B285 /* EmailedViewController.swift in Sources */,
				3A71C04E24D2BF360016B285 /* BaseViewController.swift in Sources */,
				3A71C06824D2CCA00016B285 /* SharedPresenter.swift in Sources */,
				3A71C08724D2E2550016B285 /* DetailViewController.swift in Sources */,
				3A71C0A124D302D30016B285 /* NewsCell.swift in Sources */,
				3A71C04F24D2BF360016B285 /* BaseNavigationController.swift in Sources */,
				3A71C07624D2CCDF0016B285 /* ViewedViewController.swift in Sources */,
				3A71C05924D2CC590016B285 /* EmailedInterfaces.swift in Sources */,
				3A71C02E24D2B5970016B285 /* Constants.swift in Sources */,
				3A71C07D24D2D6180016B285 /* TableView+Extension.swift in Sources */,
				3A71C06C24D2CCA10016B285 /* SharedWireframe.swift in Sources */,
				3A71C05A24D2CC590016B285 /* EmailedPresenter.swift in Sources */,
				3A71C03A24D2B6740016B285 /* UIStoryboardExtension.swift in Sources */,
			);
			runOnlyForDeploymentPostprocessing = 0;
		};
/* End PBXSourcesBuildPhase section */

/* Begin PBXVariantGroup section */
		3AE6BA6C24D2A2E7000E3598 /* LaunchScreen.storyboard */ = {
			isa = PBXVariantGroup;
			children = (
				3AE6BA6D24D2A2E7000E3598 /* Base */,
			);
			name = LaunchScreen.storyboard;
			sourceTree = "<group>";
		};
/* End PBXVariantGroup section */

/* Begin XCBuildConfiguration section */
		3AE6BA7024D2A2E7000E3598 /* Debug */ = {
			isa = XCBuildConfiguration;
			buildSettings = {
				ALWAYS_SEARCH_USER_PATHS = NO;
				CLANG_ANALYZER_NONNULL = YES;
				CLANG_ANALYZER_NUMBER_OBJECT_CONVERSION = YES_AGGRESSIVE;
				CLANG_CXX_LANGUAGE_STANDARD = "gnu++14";
				CLANG_CXX_LIBRARY = "libc++";
				CLANG_ENABLE_MODULES = YES;
				CLANG_ENABLE_OBJC_ARC = YES;
				CLANG_ENABLE_OBJC_WEAK = YES;
				CLANG_WARN_BLOCK_CAPTURE_AUTORELEASING = YES;
				CLANG_WARN_BOOL_CONVERSION = YES;
				CLANG_WARN_COMMA = YES;
				CLANG_WARN_CONSTANT_CONVERSION = YES;
				CLANG_WARN_DEPRECATED_OBJC_IMPLEMENTATIONS = YES;
				CLANG_WARN_DIRECT_OBJC_ISA_USAGE = YES_ERROR;
				CLANG_WARN_DOCUMENTATION_COMMENTS = YES;
				CLANG_WARN_EMPTY_BODY = YES;
				CLANG_WARN_ENUM_CONVERSION = YES;
				CLANG_WARN_INFINITE_RECURSION = YES;
				CLANG_WARN_INT_CONVERSION = YES;
				CLANG_WARN_NON_LITERAL_NULL_CONVERSION = YES;
				CLANG_WARN_OBJC_IMPLICIT_RETAIN_SELF = YES;
				CLANG_WARN_OBJC_LITERAL_CONVERSION = YES;
				CLANG_WARN_OBJC_ROOT_CLASS = YES_ERROR;
				CLANG_WARN_RANGE_LOOP_ANALYSIS = YES;
				CLANG_WARN_STRICT_PROTOTYPES = YES;
				CLANG_WARN_SUSPICIOUS_MOVE = YES;
				CLANG_WARN_UNGUARDED_AVAILABILITY = YES_AGGRESSIVE;
				CLANG_WARN_UNREACHABLE_CODE = YES;
				CLANG_WARN__DUPLICATE_METHOD_MATCH = YES;
				COPY_PHASE_STRIP = NO;
				DEBUG_INFORMATION_FORMAT = dwarf;
				ENABLE_STRICT_OBJC_MSGSEND = YES;
				ENABLE_TESTABILITY = YES;
				GCC_C_LANGUAGE_STANDARD = gnu11;
				GCC_DYNAMIC_NO_PIC = NO;
				GCC_NO_COMMON_BLOCKS = YES;
				GCC_OPTIMIZATION_LEVEL = 0;
				GCC_PREPROCESSOR_DEFINITIONS = (
					"DEBUG=1",
					"$(inherited)",
				);
				GCC_WARN_64_TO_32_BIT_CONVERSION = YES;
				GCC_WARN_ABOUT_RETURN_TYPE = YES_ERROR;
				GCC_WARN_UNDECLARED_SELECTOR = YES;
				GCC_WARN_UNINITIALIZED_AUTOS = YES_AGGRESSIVE;
				GCC_WARN_UNUSED_FUNCTION = YES;
				GCC_WARN_UNUSED_VARIABLE = YES;
				IPHONEOS_DEPLOYMENT_TARGET = 13.6;
				MTL_ENABLE_DEBUG_INFO = INCLUDE_SOURCE;
				MTL_FAST_MATH = YES;
				ONLY_ACTIVE_ARCH = YES;
				SDKROOT = iphoneos;
				SWIFT_ACTIVE_COMPILATION_CONDITIONS = DEBUG;
				SWIFT_OPTIMIZATION_LEVEL = "-Onone";
			};
			name = Debug;
		};
		3AE6BA7124D2A2E7000E3598 /* Release */ = {
			isa = XCBuildConfiguration;
			buildSettings = {
				ALWAYS_SEARCH_USER_PATHS = NO;
				CLANG_ANALYZER_NONNULL = YES;
				CLANG_ANALYZER_NUMBER_OBJECT_CONVERSION = YES_AGGRESSIVE;
				CLANG_CXX_LANGUAGE_STANDARD = "gnu++14";
				CLANG_CXX_LIBRARY = "libc++";
				CLANG_ENABLE_MODULES = YES;
				CLANG_ENABLE_OBJC_ARC = YES;
				CLANG_ENABLE_OBJC_WEAK = YES;
				CLANG_WARN_BLOCK_CAPTURE_AUTORELEASING = YES;
				CLANG_WARN_BOOL_CONVERSION = YES;
				CLANG_WARN_COMMA = YES;
				CLANG_WARN_CONSTANT_CONVERSION = YES;
				CLANG_WARN_DEPRECATED_OBJC_IMPLEMENTATIONS = YES;
				CLANG_WARN_DIRECT_OBJC_ISA_USAGE = YES_ERROR;
				CLANG_WARN_DOCUMENTATION_COMMENTS = YES;
				CLANG_WARN_EMPTY_BODY = YES;
				CLANG_WARN_ENUM_CONVERSION = YES;
				CLANG_WARN_INFINITE_RECURSION = YES;
				CLANG_WARN_INT_CONVERSION = YES;
				CLANG_WARN_NON_LITERAL_NULL_CONVERSION = YES;
				CLANG_WARN_OBJC_IMPLICIT_RETAIN_SELF = YES;
				CLANG_WARN_OBJC_LITERAL_CONVERSION = YES;
				CLANG_WARN_OBJC_ROOT_CLASS = YES_ERROR;
				CLANG_WARN_RANGE_LOOP_ANALYSIS = YES;
				CLANG_WARN_STRICT_PROTOTYPES = YES;
				CLANG_WARN_SUSPICIOUS_MOVE = YES;
				CLANG_WARN_UNGUARDED_AVAILABILITY = YES_AGGRESSIVE;
				CLANG_WARN_UNREACHABLE_CODE = YES;
				CLANG_WARN__DUPLICATE_METHOD_MATCH = YES;
				COPY_PHASE_STRIP = NO;
				DEBUG_INFORMATION_FORMAT = "dwarf-with-dsym";
				ENABLE_NS_ASSERTIONS = NO;
				ENABLE_STRICT_OBJC_MSGSEND = YES;
				GCC_C_LANGUAGE_STANDARD = gnu11;
				GCC_NO_COMMON_BLOCKS = YES;
				GCC_WARN_64_TO_32_BIT_CONVERSION = YES;
				GCC_WARN_ABOUT_RETURN_TYPE = YES_ERROR;
				GCC_WARN_UNDECLARED_SELECTOR = YES;
				GCC_WARN_UNINITIALIZED_AUTOS = YES_AGGRESSIVE;
				GCC_WARN_UNUSED_FUNCTION = YES;
				GCC_WARN_UNUSED_VARIABLE = YES;
				IPHONEOS_DEPLOYMENT_TARGET = 13.6;
				MTL_ENABLE_DEBUG_INFO = NO;
				MTL_FAST_MATH = YES;
				SDKROOT = iphoneos;
				SWIFT_COMPILATION_MODE = wholemodule;
				SWIFT_OPTIMIZATION_LEVEL = "-O";
				VALIDATE_PRODUCT = YES;
			};
			name = Release;
		};
		3AE6BA7324D2A2E7000E3598 /* Debug */ = {
			isa = XCBuildConfiguration;
			baseConfigurationReference = F226CA9AA965A800A1F2026D /* Pods-NY_TIMES.debug.xcconfig */;
			buildSettings = {
				ASSETCATALOG_COMPILER_APPICON_NAME = AppIcon;
				CODE_SIGN_STYLE = Automatic;
				DEVELOPMENT_TEAM = 82RN25AVX5;
				INFOPLIST_FILE = NY_TIMES/Configuration/Info.plist;
				IPHONEOS_DEPLOYMENT_TARGET = 12.0;
				LD_RUNPATH_SEARCH_PATHS = (
					"$(inherited)",
					"@executable_path/Frameworks",
				);
				PRODUCT_BUNDLE_IDENTIFIER = "Shvets.com.NY-TIMES";
				PRODUCT_NAME = "$(TARGET_NAME)";
				SWIFT_VERSION = 5.0;
				TARGETED_DEVICE_FAMILY = "1,2";
			};
			name = Debug;
		};
		3AE6BA7424D2A2E7000E3598 /* Release */ = {
			isa = XCBuildConfiguration;
			baseConfigurationReference = 06690E202FE024A8AEED9A3C /* Pods-NY_TIMES.release.xcconfig */;
			buildSettings = {
				ASSETCATALOG_COMPILER_APPICON_NAME = AppIcon;
				CODE_SIGN_STYLE = Automatic;
				DEVELOPMENT_TEAM = 82RN25AVX5;
				INFOPLIST_FILE = NY_TIMES/Configuration/Info.plist;
				IPHONEOS_DEPLOYMENT_TARGET = 12.0;
				LD_RUNPATH_SEARCH_PATHS = (
					"$(inherited)",
					"@executable_path/Frameworks",
				);
				PRODUCT_BUNDLE_IDENTIFIER = "Shvets.com.NY-TIMES";
				PRODUCT_NAME = "$(TARGET_NAME)";
				SWIFT_VERSION = 5.0;
				TARGETED_DEVICE_FAMILY = "1,2";
			};
			name = Release;
		};
/* End XCBuildConfiguration section */

/* Begin XCConfigurationList section */
		3AE6BA5624D2A2E4000E3598 /* Build configuration list for PBXProject "NY_TIMES" */ = {
			isa = XCConfigurationList;
			buildConfigurations = (
				3AE6BA7024D2A2E7000E3598 /* Debug */,
				3AE6BA7124D2A2E7000E3598 /* Release */,
			);
			defaultConfigurationIsVisible = 0;
			defaultConfigurationName = Release;
		};
		3AE6BA7224D2A2E7000E3598 /* Build configuration list for PBXNativeTarget "NY_TIMES" */ = {
			isa = XCConfigurationList;
			buildConfigurations = (
				3AE6BA7324D2A2E7000E3598 /* Debug */,
				3AE6BA7424D2A2E7000E3598 /* Release */,
			);
			defaultConfigurationIsVisible = 0;
			defaultConfigurationName = Release;
		};
/* End XCConfigurationList section */

/* Begin XCVersionGroup section */
		3AE6BA6724D2A2E4000E3598 /* NY_TIMES.xcdatamodeld */ = {
			isa = XCVersionGroup;
			children = (
				3AE6BA6824D2A2E4000E3598 /* NY_TIMES.xcdatamodel */,
			);
			currentVersion = 3AE6BA6824D2A2E4000E3598 /* NY_TIMES.xcdatamodel */;
			path = NY_TIMES.xcdatamodeld;
			sourceTree = "<group>";
			versionGroupType = wrapper.xcdatamodel;
		};
/* End XCVersionGroup section */
	};
	rootObject = 3AE6BA5324D2A2E4000E3598 /* Project object */;
}
